
Microsoft Visual Studio Solution File, Format Version 12.00
# Visual Studio Version 17
VisualStudioVersion = 17.0.31903.59
MinimumVisualStudioVersion = 10.0.40219.1
Project("{2150E333-8FDC-42A3-9474-1A3956D46DE8}") = "src", "src", "{6CB54086-60BD-412B-97C9-52F2975DBC4F}"
EndProject
Project("{FAE04EC0-301F-11D3-BF4B-00C04F79EFBC}") = "Budgetr.Api", "src\Budgetr.Api\Budgetr.Api.csproj", "{D470217C-5438-4C3A-BAF7-F111F1C07B9D}"
EndProject
Project("{FAE04EC0-301F-11D3-BF4B-00C04F79EFBC}") = "Budgetr.Ui", "src\Budgetr.Ui\Budgetr.Ui.csproj", "{2ABDCB5A-36E8-4CFA-B587-7FA3A7B5928A}"
EndProject
Project("{FAE04EC0-301F-11D3-BF4B-00C04F79EFBC}") = "Budgetr.Class", "src\Budgetr.Class\Budgetr.Class.csproj", "{ADA0CB96-78CE-4119-870F-624E5A61937C}"
EndProject
Project("{FAE04EC0-301F-11D3-BF4B-00C04F79EFBC}") = "Budgetr.DataAccess", "src\Budgetr.DataAccess\Budgetr.DataAccess.csproj", "{3BD20E75-84EF-4D7D-85EE-154247A69C7F}"
EndProject
Project("{FAE04EC0-301F-11D3-BF4B-00C04F79EFBC}") = "Budgetr.Logic", "src\Budgetr.Logic\Budgetr.Logic.csproj", "{88A3C086-7479-4925-969F-A7FD76DBD97B}"
EndProject
Project("{FAE04EC0-301F-11D3-BF4B-00C04F79EFBC}") = "Budgetr.Shared", "src\Budgetr.Shared\Budgetr.Shared.csproj", "{80AE33AF-A047-4190-9C93-DD29B900EA78}"
EndProject
Project("{2150E333-8FDC-42A3-9474-1A3956D46DE8}") = "test", "test", "{8C592BE8-EA21-40CF-B3EA-31D8D57A51BD}"
EndProject
Project("{FAE04EC0-301F-11D3-BF4B-00C04F79EFBC}") = "Budgetr.Tests", "test\Budgetr.Tests\Budgetr.Tests.csproj", "{7AEAF4C4-941D-4E31-9CEB-1EC19A3B8E25}"
EndProject
Global
	GlobalSection(SolutionConfigurationPlatforms) = preSolution
		Debug|Any CPU = Debug|Any CPU
		Release|Any CPU = Release|Any CPU
	EndGlobalSection
	GlobalSection(SolutionProperties) = preSolution
		HideSolutionNode = FALSE
	EndGlobalSection
	GlobalSection(ProjectConfigurationPlatforms) = postSolution
		{D470217C-5438-4C3A-BAF7-F111F1C07B9D}.Debug|Any CPU.ActiveCfg = Debug|Any CPU
		{D470217C-5438-4C3A-BAF7-F111F1C07B9D}.Debug|Any CPU.Build.0 = Debug|Any CPU
		{D470217C-5438-4C3A-BAF7-F111F1C07B9D}.Release|Any CPU.ActiveCfg = Release|Any CPU
		{D470217C-5438-4C3A-BAF7-F111F1C07B9D}.Release|Any CPU.Build.0 = Release|Any CPU
		{2ABDCB5A-36E8-4CFA-B587-7FA3A7B5928A}.Debug|Any CPU.ActiveCfg = Debug|Any CPU
		{2ABDCB5A-36E8-4CFA-B587-7FA3A7B5928A}.Debug|Any CPU.Build.0 = Debug|Any CPU
		{2ABDCB5A-36E8-4CFA-B587-7FA3A7B5928A}.Release|Any CPU.ActiveCfg = Release|Any CPU
		{2ABDCB5A-36E8-4CFA-B587-7FA3A7B5928A}.Release|Any CPU.Build.0 = Release|Any CPU
		{ADA0CB96-78CE-4119-870F-624E5A61937C}.Debug|Any CPU.ActiveCfg = Debug|Any CPU
		{ADA0CB96-78CE-4119-870F-624E5A61937C}.Debug|Any CPU.Build.0 = Debug|Any CPU
		{ADA0CB96-78CE-4119-870F-624E5A61937C}.Release|Any CPU.ActiveCfg = Release|Any CPU
		{ADA0CB96-78CE-4119-870F-624E5A61937C}.Release|Any CPU.Build.0 = Release|Any CPU
		{3BD20E75-84EF-4D7D-85EE-154247A69C7F}.Debug|Any CPU.ActiveCfg = Debug|Any CPU
		{3BD20E75-84EF-4D7D-85EE-154247A69C7F}.Debug|Any CPU.Build.0 = Debug|Any CPU
		{3BD20E75-84EF-4D7D-85EE-154247A69C7F}.Release|Any CPU.ActiveCfg = Release|Any CPU
		{3BD20E75-84EF-4D7D-85EE-154247A69C7F}.Release|Any CPU.Build.0 = Release|Any CPU
		{88A3C086-7479-4925-969F-A7FD76DBD97B}.Debug|Any CPU.ActiveCfg = Debug|Any CPU
		{88A3C086-7479-4925-969F-A7FD76DBD97B}.Debug|Any CPU.Build.0 = Debug|Any CPU
		{88A3C086-7479-4925-969F-A7FD76DBD97B}.Release|Any CPU.ActiveCfg = Release|Any CPU
		{88A3C086-7479-4925-969F-A7FD76DBD97B}.Release|Any CPU.Build.0 = Release|Any CPU
		{80AE33AF-A047-4190-9C93-DD29B900EA78}.Debug|Any CPU.ActiveCfg = Debug|Any CPU
		{80AE33AF-A047-4190-9C93-DD29B900EA78}.Debug|Any CPU.Build.0 = Debug|Any CPU
		{80AE33AF-A047-4190-9C93-DD29B900EA78}.Release|Any CPU.ActiveCfg = Release|Any CPU
		{80AE33AF-A047-4190-9C93-DD29B900EA78}.Release|Any CPU.Build.0 = Release|Any CPU
		{7AEAF4C4-941D-4E31-9CEB-1EC19A3B8E25}.Debug|Any CPU.ActiveCfg = Debug|Any CPU
		{7AEAF4C4-941D-4E31-9CEB-1EC19A3B8E25}.Debug|Any CPU.Build.0 = Debug|Any CPU
		{7AEAF4C4-941D-4E31-9CEB-1EC19A3B8E25}.Release|Any CPU.ActiveCfg = Release|Any CPU
		{7AEAF4C4-941D-4E31-9CEB-1EC19A3B8E25}.Release|Any CPU.Build.0 = Release|Any CPU
	EndGlobalSection
	GlobalSection(NestedProjects) = preSolution
		{D470217C-5438-4C3A-BAF7-F111F1C07B9D} = {6CB54086-60BD-412B-97C9-52F2975DBC4F}
		{2ABDCB5A-36E8-4CFA-B587-7FA3A7B5928A} = {6CB54086-60BD-412B-97C9-52F2975DBC4F}
		{ADA0CB96-78CE-4119-870F-624E5A61937C} = {6CB54086-60BD-412B-97C9-52F2975DBC4F}
		{3BD20E75-84EF-4D7D-85EE-154247A69C7F} = {6CB54086-60BD-412B-97C9-52F2975DBC4F}
		{88A3C086-7479-4925-969F-A7FD76DBD97B} = {6CB54086-60BD-412B-97C9-52F2975DBC4F}
		{80AE33AF-A047-4190-9C93-DD29B900EA78} = {6CB54086-60BD-412B-97C9-52F2975DBC4F}
		{7AEAF4C4-941D-4E31-9CEB-1EC19A3B8E25} = {8C592BE8-EA21-40CF-B3EA-31D8D57A51BD}
	EndGlobalSection
EndGlobal
