
Microsoft Visual Studio Solution File, Format Version 12.00
# Visual Studio Version 17
VisualStudioVersion = 17.0.31903.59
MinimumVisualStudioVersion = 10.0.40219.1
Project("{9A19103F-16F7-4668-BE54-9A1E7A4F7556}") = "Budgetr.Class", "Budgetr.Class\Budgetr.Class.csproj", "{9580EA70-1CCD-4F70-886A-E20EDA82D163}"
EndProject
Project("{9A19103F-16F7-4668-BE54-9A1E7A4F7556}") = "Budgetr.Logic", "Budgetr.Logic\Budgetr.Logic.csproj", "{E7208C92-88C3-44F0-AAC6-135DFA562BB6}"
EndProject
Project("{9A19103F-16F7-4668-BE54-9A1E7A4F7556}") = "Budgetr.Tests", "Budgetr.Tests\Budgetr.Tests.csproj", "{F738A16D-EC80-4005-9EA6-9EBB872E0A65}"
EndProject
Project("{FAE04EC0-301F-11D3-BF4B-00C04F79EFBC}") = "Budgetr.Ui", "Budgetr.Ui\Budgetr.Ui.csproj", "{D5CC1C57-F59D-4AE4-AD04-1F824AE40FA8}"
EndProject
Global
	GlobalSection(SolutionConfigurationPlatforms) = preSolution
		Debug|Any CPU = Debug|Any CPU
		Release|Any CPU = Release|Any CPU
	EndGlobalSection
	GlobalSection(ProjectConfigurationPlatforms) = postSolution
		{9580EA70-1CCD-4F70-886A-E20EDA82D163}.Debug|Any CPU.ActiveCfg = Debug|Any CPU
		{9580EA70-1CCD-4F70-886A-E20EDA82D163}.Debug|Any CPU.Build.0 = Debug|Any CPU
		{9580EA70-1CCD-4F70-886A-E20EDA82D163}.Release|Any CPU.ActiveCfg = Release|Any CPU
		{9580EA70-1CCD-4F70-886A-E20EDA82D163}.Release|Any CPU.Build.0 = Release|Any CPU
		{E7208C92-88C3-44F0-AAC6-135DFA562BB6}.Debug|Any CPU.ActiveCfg = Debug|Any CPU
		{E7208C92-88C3-44F0-AAC6-135DFA562BB6}.Debug|Any CPU.Build.0 = Debug|Any CPU
		{E7208C92-88C3-44F0-AAC6-135DFA562BB6}.Release|Any CPU.ActiveCfg = Release|Any CPU
		{E7208C92-88C3-44F0-AAC6-135DFA562BB6}.Release|Any CPU.Build.0 = Release|Any CPU
		{F738A16D-EC80-4005-9EA6-9EBB872E0A65}.Debug|Any CPU.ActiveCfg = Debug|Any CPU
		{F738A16D-EC80-4005-9EA6-9EBB872E0A65}.Debug|Any CPU.Build.0 = Debug|Any CPU
		{F738A16D-EC80-4005-9EA6-9EBB872E0A65}.Release|Any CPU.ActiveCfg = Release|Any CPU
		{F738A16D-EC80-4005-9EA6-9EBB872E0A65}.Release|Any CPU.Build.0 = Release|Any CPU
		{D5CC1C57-F59D-4AE4-AD04-1F824AE40FA8}.Debug|Any CPU.ActiveCfg = Debug|Any CPU
		{D5CC1C57-F59D-4AE4-AD04-1F824AE40FA8}.Debug|Any CPU.Build.0 = Debug|Any CPU
		{D5CC1C57-F59D-4AE4-AD04-1F824AE40FA8}.Release|Any CPU.ActiveCfg = Release|Any CPU
		{D5CC1C57-F59D-4AE4-AD04-1F824AE40FA8}.Release|Any CPU.Build.0 = Release|Any CPU
	EndGlobalSection
	GlobalSection(SolutionProperties) = preSolution
		HideSolutionNode = FALSE
	EndGlobalSection
	GlobalSection(ExtensibilityGlobals) = postSolution
		SolutionGuid = {CD318216-D66B-4AE1-BEA1-58418B75CDBB}
	EndGlobalSection
EndGlobal
